
Microsoft Visual Studio Solution File, Format Version 12.00
# Visual Studio 15
VisualStudioVersion = 15.0.28010.2036
MinimumVisualStudioVersion = 10.0.40219.1
Project("{FAE04EC0-301F-11D3-BF4B-00C04F79EFBC}") = "SetElasticsearchSettings", "SetElasticsearchSettings\SetElasticsearchSettings.csproj", "{84FF116E-F62A-47E4-9198-BAADF90CB384}"
EndProject
Project("{FAE04EC0-301F-11D3-BF4B-00C04F79EFBC}") = "YamlUtility", "YamlUtility\YamlUtility.csproj", "{12CF7CE2-BCEE-46FF-A7E5-3A315AEF94AD}"
EndProject
Project("{2150E333-8FDC-42A3-9474-1A3956D46DE8}") = "Ref", "Ref", "{71C23D3F-8217-43DA-88F9-FC0CC95E9E68}"
	ProjectSection(SolutionItems) = preProject
		.gitignore = .gitignore
	EndProjectSection
EndProject
Project("{54435603-DBB4-11D2-8724-00A0C9A8B90C}") = "SetupInstall", "SetupInstall\SetupInstall.vdproj", "{D002797F-60EF-47A8-9C9D-69A6771A9652}"
EndProject
Global
	GlobalSection(SolutionConfigurationPlatforms) = preSolution
		Debug|Any CPU = Debug|Any CPU
		Debug|Mixed Platforms = Debug|Mixed Platforms
		Debug|x86 = Debug|x86
		Release|Any CPU = Release|Any CPU
		Release|Mixed Platforms = Release|Mixed Platforms
		Release|x86 = Release|x86
	EndGlobalSection
	GlobalSection(ProjectConfigurationPlatforms) = postSolution
		{84FF116E-F62A-47E4-9198-BAADF90CB384}.Debug|Any CPU.ActiveCfg = Debug|x86
		{84FF116E-F62A-47E4-9198-BAADF90CB384}.Debug|Mixed Platforms.ActiveCfg = Debug|x86
		{84FF116E-F62A-47E4-9198-BAADF90CB384}.Debug|Mixed Platforms.Build.0 = Debug|x86
		{84FF116E-F62A-47E4-9198-BAADF90CB384}.Debug|x86.ActiveCfg = Debug|x86
		{84FF116E-F62A-47E4-9198-BAADF90CB384}.Debug|x86.Build.0 = Debug|x86
		{84FF116E-F62A-47E4-9198-BAADF90CB384}.Release|Any CPU.ActiveCfg = Release|x86
		{84FF116E-F62A-47E4-9198-BAADF90CB384}.Release|Mixed Platforms.ActiveCfg = Release|x86
		{84FF116E-F62A-47E4-9198-BAADF90CB384}.Release|Mixed Platforms.Build.0 = Release|x86
		{84FF116E-F62A-47E4-9198-BAADF90CB384}.Release|x86.ActiveCfg = Release|x86
		{84FF116E-F62A-47E4-9198-BAADF90CB384}.Release|x86.Build.0 = Release|x86
		{12CF7CE2-BCEE-46FF-A7E5-3A315AEF94AD}.Debug|Any CPU.ActiveCfg = Debug|Any CPU
		{12CF7CE2-BCEE-46FF-A7E5-3A315AEF94AD}.Debug|Any CPU.Build.0 = Debug|Any CPU
		{12CF7CE2-BCEE-46FF-A7E5-3A315AEF94AD}.Debug|Mixed Platforms.ActiveCfg = Debug|Any CPU
		{12CF7CE2-BCEE-46FF-A7E5-3A315AEF94AD}.Debug|Mixed Platforms.Build.0 = Debug|Any CPU
		{12CF7CE2-BCEE-46FF-A7E5-3A315AEF94AD}.Debug|x86.ActiveCfg = Debug|Any CPU
		{12CF7CE2-BCEE-46FF-A7E5-3A315AEF94AD}.Release|Any CPU.ActiveCfg = Release|Any CPU
		{12CF7CE2-BCEE-46FF-A7E5-3A315AEF94AD}.Release|Any CPU.Build.0 = Release|Any CPU
		{12CF7CE2-BCEE-46FF-A7E5-3A315AEF94AD}.Release|Mixed Platforms.ActiveCfg = Release|Any CPU
		{12CF7CE2-BCEE-46FF-A7E5-3A315AEF94AD}.Release|Mixed Platforms.Build.0 = Release|Any CPU
		{12CF7CE2-BCEE-46FF-A7E5-3A315AEF94AD}.Release|x86.ActiveCfg = Release|Any CPU
		{D002797F-60EF-47A8-9C9D-69A6771A9652}.Debug|Any CPU.ActiveCfg = Debug
		{D002797F-60EF-47A8-9C9D-69A6771A9652}.Debug|Mixed Platforms.ActiveCfg = Debug
		{D002797F-60EF-47A8-9C9D-69A6771A9652}.Debug|x86.ActiveCfg = Debug
		{D002797F-60EF-47A8-9C9D-69A6771A9652}.Release|Any CPU.ActiveCfg = Release
		{D002797F-60EF-47A8-9C9D-69A6771A9652}.Release|Mixed Platforms.ActiveCfg = Release
		{D002797F-60EF-47A8-9C9D-69A6771A9652}.Release|x86.ActiveCfg = Release
	EndGlobalSection
	GlobalSection(SolutionProperties) = preSolution
		HideSolutionNode = FALSE
	EndGlobalSection
	GlobalSection(ExtensibilityGlobals) = postSolution
		SolutionGuid = {8175F6E5-2C3C-4B1C-A144-C87319D5E980}
	EndGlobalSection
	GlobalSection(SubversionScc) = preSolution
		Svn-Managed = True
		Manager = AnkhSVN - Subversion Support for Visual Studio
	EndGlobalSection
EndGlobal
