
Microsoft Visual Studio Solution File, Format Version 11.00
# Visual Studio 2010
Project("{FAE04EC0-301F-11D3-BF4B-00C04F79EFBC}") = "ElasticSearchService", "ElasticSearchService\ElasticSearchService.csproj", "{DED6E6CE-BD98-4B1A-873C-8EC73EE40F5B}"
EndProject
Project("{54435603-DBB4-11D2-8724-00A0C9A8B90C}") = "ElasticsearchServiceSetup", "ElasticsearchServiceSetup\ElasticsearchServiceSetup.vdproj", "{A631A52A-77B1-4B8D-8828-0B0A122AB94A}"
EndProject
Project("{FAE04EC0-301F-11D3-BF4B-00C04F79EFBC}") = "TestStartCode", "ConsoleApplication1\TestStartCode.csproj", "{4E1EBC0D-4CFC-46EB-9BB4-8AC3BF24C036}"
EndProject
Project("{FAE04EC0-301F-11D3-BF4B-00C04F79EFBC}") = "SetElasticsearchSettings", "SetElasticsearchSettings\SetElasticsearchSettings.csproj", "{84FF116E-F62A-47E4-9198-BAADF90CB384}"
EndProject
Global
	GlobalSection(SubversionScc) = preSolution
		Svn-Managed = True
		Manager = AnkhSVN - Subversion Support for Visual Studio
	EndGlobalSection
	GlobalSection(SolutionConfigurationPlatforms) = preSolution
		Debug|x86 = Debug|x86
		Release|x86 = Release|x86
	EndGlobalSection
	GlobalSection(ProjectConfigurationPlatforms) = postSolution
		{DED6E6CE-BD98-4B1A-873C-8EC73EE40F5B}.Debug|x86.ActiveCfg = Debug|x86
		{DED6E6CE-BD98-4B1A-873C-8EC73EE40F5B}.Debug|x86.Build.0 = Debug|x86
		{DED6E6CE-BD98-4B1A-873C-8EC73EE40F5B}.Release|x86.ActiveCfg = Release|x86
		{DED6E6CE-BD98-4B1A-873C-8EC73EE40F5B}.Release|x86.Build.0 = Release|x86
		{A631A52A-77B1-4B8D-8828-0B0A122AB94A}.Debug|x86.ActiveCfg = Debug
		{A631A52A-77B1-4B8D-8828-0B0A122AB94A}.Release|x86.ActiveCfg = Release
		{4E1EBC0D-4CFC-46EB-9BB4-8AC3BF24C036}.Debug|x86.ActiveCfg = Debug|x86
		{4E1EBC0D-4CFC-46EB-9BB4-8AC3BF24C036}.Debug|x86.Build.0 = Debug|x86
		{4E1EBC0D-4CFC-46EB-9BB4-8AC3BF24C036}.Release|x86.ActiveCfg = Release|x86
		{4E1EBC0D-4CFC-46EB-9BB4-8AC3BF24C036}.Release|x86.Build.0 = Release|x86
		{84FF116E-F62A-47E4-9198-BAADF90CB384}.Debug|x86.ActiveCfg = Debug|x86
		{84FF116E-F62A-47E4-9198-BAADF90CB384}.Debug|x86.Build.0 = Debug|x86
		{84FF116E-F62A-47E4-9198-BAADF90CB384}.Release|x86.ActiveCfg = Release|x86
		{84FF116E-F62A-47E4-9198-BAADF90CB384}.Release|x86.Build.0 = Release|x86
	EndGlobalSection
	GlobalSection(SolutionProperties) = preSolution
		HideSolutionNode = FALSE
	EndGlobalSection
EndGlobal
